
Microsoft Visual Studio Solution File, Format Version 12.00
# Visual Studio Version 17
VisualStudioVersion = 17.8.34511.84
MinimumVisualStudioVersion = 10.0.40219.1
Project("{FAE04EC0-301F-11D3-BF4B-00C04F79EFBC}") = "AssR1WebApp", "AssR1WebApp\AssR1WebApp.csproj", "{282B22C9-3293-4FE7-8B45-F01FD8695C6A}"
EndProject
Global
	GlobalSection(SolutionConfigurationPlatforms) = preSolution
		Debug|Any CPU = Debug|Any CPU
		Release|Any CPU = Release|Any CPU
	EndGlobalSection
	GlobalSection(ProjectConfigurationPlatforms) = postSolution
		{282B22C9-3293-4FE7-8B45-F01FD8695C6A}.Debug|Any CPU.ActiveCfg = Debug|Any CPU
		{282B22C9-3293-4FE7-8B45-F01FD8695C6A}.Debug|Any CPU.Build.0 = Debug|Any CPU
		{282B22C9-3293-4FE7-8B45-F01FD8695C6A}.Release|Any CPU.ActiveCfg = Release|Any CPU
		{282B22C9-3293-4FE7-8B45-F01FD8695C6A}.Release|Any CPU.Build.0 = Release|Any CPU
	EndGlobalSection
	GlobalSection(SolutionProperties) = preSolution
		HideSolutionNode = FALSE
	EndGlobalSection
	GlobalSection(ExtensibilityGlobals) = postSolution
		SolutionGuid = {E11AFE72-B900-4D79-9215-4D7C349408FD}
	EndGlobalSection
EndGlobal
